// !$*UTF8*$!
{
	archiveVersion = 1;
	classes = {
	};
	objectVersion = 46;
	objects = {

/* Begin PBXBuildFile section */
		A158D22D1D38B7FC001FCD15 /* LanguagesInputViewController.m in Sources */ = {isa = PBXBuildFile; fileRef = A158D22C1D38B7FC001FCD15 /* LanguagesInputViewController.m */; };
		A16246AE1D3DFF170073CCA3 /* DetailsViewController.m in Sources */ = {isa = PBXBuildFile; fileRef = A16246AD1D3DFF170073CCA3 /* DetailsViewController.m */; };
		A1BF6AC41D3759CB00FC6F7A /* main.m in Sources */ = {isa = PBXBuildFile; fileRef = A1BF6AC31D3759CB00FC6F7A /* main.m */; };
		A1BF6AC71D3759CB00FC6F7A /* AppDelegate.m in Sources */ = {isa = PBXBuildFile; fileRef = A1BF6AC61D3759CB00FC6F7A /* AppDelegate.m */; };
		A1BF6ACA1D3759CB00FC6F7A /* ViewController.m in Sources */ = {isa = PBXBuildFile; fileRef = A1BF6AC91D3759CB00FC6F7A /* ViewController.m */; };
		A1BF6ACD1D3759CB00FC6F7A /* Main.storyboard in Resources */ = {isa = PBXBuildFile; fileRef = A1BF6ACB1D3759CB00FC6F7A /* Main.storyboard */; };
		A1BF6ACF1D3759CB00FC6F7A /* Images.xcassets in Resources */ = {isa = PBXBuildFile; fileRef = A1BF6ACE1D3759CB00FC6F7A /* Images.xcassets */; };
		A1BF6AD21D3759CB00FC6F7A /* LaunchScreen.xib in Resources */ = {isa = PBXBuildFile; fileRef = A1BF6AD01D3759CB00FC6F7A /* LaunchScreen.xib */; };
		A1BF6ADE1D3759CB00FC6F7A /* ListViewTests.m in Sources */ = {isa = PBXBuildFile; fileRef = A1BF6ADD1D3759CB00FC6F7A /* ListViewTests.m */; };
		A1BF6AF01D37C04600FC6F7A /* cpp.png in Resources */ = {isa = PBXBuildFile; fileRef = A1BF6AE91D37C04600FC6F7A /* cpp.png */; };
		A1BF6AF11D37C04600FC6F7A /* csharp.png in Resources */ = {isa = PBXBuildFile; fileRef = A1BF6AEA1D37C04600FC6F7A /* csharp.png */; };
		A1BF6AF21D37C04600FC6F7A /* Java.png in Resources */ = {isa = PBXBuildFile; fileRef = A1BF6AEB1D37C04600FC6F7A /* Java.png */; };
		A1BF6AF31D37C04600FC6F7A /* jquery.png in Resources */ = {isa = PBXBuildFile; fileRef = A1BF6AEC1D37C04600FC6F7A /* jquery.png */; };
		A1BF6AF41D37C04600FC6F7A /* json.png in Resources */ = {isa = PBXBuildFile; fileRef = A1BF6AED1D37C04600FC6F7A /* json.png */; };
		A1BF6AF51D37C04600FC6F7A /* php.png in Resources */ = {isa = PBXBuildFile; fileRef = A1BF6AEE1D37C04600FC6F7A /* php.png */; };
		A1BF6AF61D37C04600FC6F7A /* xml.png in Resources */ = {isa = PBXBuildFile; fileRef = A1BF6AEF1D37C04600FC6F7A /* xml.png */; };
		A1BF6AF91D37D17000FC6F7A /* Languages.m in Sources */ = {isa = PBXBuildFile; fileRef = A1BF6AF81D37D17000FC6F7A /* Languages.m */; };
		A1C2E4991D3D09B9004C7688 /* CoreDataFile.xcdatamodeld in Sources */ = {isa = PBXBuildFile; fileRef = A1C2E4971D3D09B9004C7688 /* CoreDataFile.xcdatamodeld */; };
/* End PBXBuildFile section */

/* Begin PBXContainerItemProxy section */
		A1BF6AD81D3759CB00FC6F7A /* PBXContainerItemProxy */ = {
			isa = PBXContainerItemProxy;
			containerPortal = A1BF6AB61D3759CB00FC6F7A /* Project object */;
			proxyType = 1;
			remoteGlobalIDString = A1BF6ABD1D3759CB00FC6F7A;
			remoteInfo = ListView;
		};
/* End PBXContainerItemProxy section */

/* Begin PBXFileReference section */
		A158D22B1D38B7FC001FCD15 /* LanguagesInputViewController.h */ = {isa = PBXFileReference; fileEncoding = 4; lastKnownFileType = sourcecode.c.h; path = LanguagesInputViewController.h; sourceTree = "<group>"; };
		A158D22C1D38B7FC001FCD15 /* LanguagesInputViewController.m */ = {isa = PBXFileReference; fileEncoding = 4; lastKnownFileType = sourcecode.c.objc; path = LanguagesInputViewController.m; sourceTree = "<group>"; };
		A16246AC1D3DFF170073CCA3 /* DetailsViewController.h */ = {isa = PBXFileReference; fileEncoding = 4; lastKnownFileType = sourcecode.c.h; path = DetailsViewController.h; sourceTree = "<group>"; };
		A16246AD1D3DFF170073CCA3 /* DetailsViewController.m */ = {isa = PBXFileReference; fileEncoding = 4; lastKnownFileType = sourcecode.c.objc; path = DetailsViewController.m; sourceTree = "<group>"; };
		A1BF6ABE1D3759CB00FC6F7A /* ListView.app */ = {isa = PBXFileReference; explicitFileType = wrapper.application; includeInIndex = 0; path = ListView.app; sourceTree = BUILT_PRODUCTS_DIR; };
		A1BF6AC21D3759CB00FC6F7A /* Info.plist */ = {isa = PBXFileReference; lastKnownFileType = text.plist.xml; path = Info.plist; sourceTree = "<group>"; };
		A1BF6AC31D3759CB00FC6F7A /* main.m */ = {isa = PBXFileReference; lastKnownFileType = sourcecode.c.objc; path = main.m; sourceTree = "<group>"; };
		A1BF6AC51D3759CB00FC6F7A /* AppDelegate.h */ = {isa = PBXFileReference; lastKnownFileType = sourcecode.c.h; path = AppDelegate.h; sourceTree = "<group>"; };
		A1BF6AC61D3759CB00FC6F7A /* AppDelegate.m */ = {isa = PBXFileReference; lastKnownFileType = sourcecode.c.objc; path = AppDelegate.m; sourceTree = "<group>"; };
		A1BF6AC81D3759CB00FC6F7A /* ViewController.h */ = {isa = PBXFileReference; lastKnownFileType = sourcecode.c.h; path = ViewController.h; sourceTree = "<group>"; };
		A1BF6AC91D3759CB00FC6F7A /* ViewController.m */ = {isa = PBXFileReference; lastKnownFileType = sourcecode.c.objc; path = ViewController.m; sourceTree = "<group>"; };
		A1BF6ACC1D3759CB00FC6F7A /* Base */ = {isa = PBXFileReference; lastKnownFileType = file.storyboard; name = Base; path = Base.lproj/Main.storyboard; sourceTree = "<group>"; };
		A1BF6ACE1D3759CB00FC6F7A /* Images.xcassets */ = {isa = PBXFileReference; lastKnownFileType = folder.assetcatalog; path = Images.xcassets; sourceTree = "<group>"; };
		A1BF6AD11D3759CB00FC6F7A /* Base */ = {isa = PBXFileReference; lastKnownFileType = file.xib; name = Base; path = Base.lproj/LaunchScreen.xib; sourceTree = "<group>"; };
		A1BF6AD71D3759CB00FC6F7A /* ListViewTests.xctest */ = {isa = PBXFileReference; explicitFileType = wrapper.cfbundle; includeInIndex = 0; path = ListViewTests.xctest; sourceTree = BUILT_PRODUCTS_DIR; };
		A1BF6ADC1D3759CB00FC6F7A /* Info.plist */ = {isa = PBXFileReference; lastKnownFileType = text.plist.xml; path = Info.plist; sourceTree = "<group>"; };
		A1BF6ADD1D3759CB00FC6F7A /* ListViewTests.m */ = {isa = PBXFileReference; lastKnownFileType = sourcecode.c.objc; path = ListViewTests.m; sourceTree = "<group>"; };
		A1BF6AE91D37C04600FC6F7A /* cpp.png */ = {isa = PBXFileReference; lastKnownFileType = image.png; name = cpp.png; path = Images.xcassets/cpp.png; sourceTree = "<group>"; };
		A1BF6AEA1D37C04600FC6F7A /* csharp.png */ = {isa = PBXFileReference; lastKnownFileType = image.png; name = csharp.png; path = Images.xcassets/csharp.png; sourceTree = "<group>"; };
		A1BF6AEB1D37C04600FC6F7A /* Java.png */ = {isa = PBXFileReference; lastKnownFileType = image.png; name = Java.png; path = Images.xcassets/Java.png; sourceTree = "<group>"; };
		A1BF6AEC1D37C04600FC6F7A /* jquery.png */ = {isa = PBXFileReference; lastKnownFileType = image.png; name = jquery.png; path = Images.xcassets/jquery.png; sourceTree = "<group>"; };
		A1BF6AED1D37C04600FC6F7A /* json.png */ = {isa = PBXFileReference; lastKnownFileType = image.png; name = json.png; path = Images.xcassets/json.png; sourceTree = "<group>"; };
		A1BF6AEE1D37C04600FC6F7A /* php.png */ = {isa = PBXFileReference; lastKnownFileType = image.png; name = php.png; path = Images.xcassets/php.png; sourceTree = "<group>"; };
		A1BF6AEF1D37C04600FC6F7A /* xml.png */ = {isa = PBXFileReference; lastKnownFileType = image.png; name = xml.png; path = Images.xcassets/xml.png; sourceTree = "<group>"; };
		A1BF6AF71D37D17000FC6F7A /* Languages.h */ = {isa = PBXFileReference; fileEncoding = 4; lastKnownFileType = sourcecode.c.h; name = Languages.h; path = model/Languages.h; sourceTree = "<group>"; };
		A1BF6AF81D37D17000FC6F7A /* Languages.m */ = {isa = PBXFileReference; fileEncoding = 4; lastKnownFileType = sourcecode.c.objc; name = Languages.m; path = model/Languages.m; sourceTree = "<group>"; };
		A1C2E4981D3D09B9004C7688 /* CoreDataFile.xcdatamodel */ = {isa = PBXFileReference; lastKnownFileType = wrapper.xcdatamodel; path = CoreDataFile.xcdatamodel; sourceTree = "<group>"; };
/* End PBXFileReference section */

/* Begin PBXFrameworksBuildPhase section */
		A1BF6ABB1D3759CB00FC6F7A /* Frameworks */ = {
			isa = PBXFrameworksBuildPhase;
			buildActionMask = 2147483647;
			files = (
			);
			runOnlyForDeploymentPostprocessing = 0;
		};
		A1BF6AD41D3759CB00FC6F7A /* Frameworks */ = {
			isa = PBXFrameworksBuildPhase;
			buildActionMask = 2147483647;
			files = (
			);
			runOnlyForDeploymentPostprocessing = 0;
		};
/* End PBXFrameworksBuildPhase section */

/* Begin PBXGroup section */
		A1BF6AB51D3759CB00FC6F7A = {
			isa = PBXGroup;
			children = (
				A1BF6AC01D3759CB00FC6F7A /* ListView */,
				A1BF6ADA1D3759CB00FC6F7A /* ListViewTests */,
				A1BF6ABF1D3759CB00FC6F7A /* Products */,
			);
			sourceTree = "<group>";
		};
		A1BF6ABF1D3759CB00FC6F7A /* Products */ = {
			isa = PBXGroup;
			children = (
				A1BF6ABE1D3759CB00FC6F7A /* ListView.app */,
				A1BF6AD71D3759CB00FC6F7A /* ListViewTests.xctest */,
			);
			name = Products;
			sourceTree = "<group>";
		};
		A1BF6AC01D3759CB00FC6F7A /* ListView */ = {
			isa = PBXGroup;
			children = (
				A1BF6AC51D3759CB00FC6F7A /* AppDelegate.h */,
				A1C2E4971D3D09B9004C7688 /* CoreDataFile.xcdatamodeld */,
				A1BF6AC61D3759CB00FC6F7A /* AppDelegate.m */,
				A1BF6AC81D3759CB00FC6F7A /* ViewController.h */,
				A1BF6AC91D3759CB00FC6F7A /* ViewController.m */,
				A1BF6ACB1D3759CB00FC6F7A /* Main.storyboard */,
				A1BF6ACE1D3759CB00FC6F7A /* Images.xcassets */,
				A1BF6AEA1D37C04600FC6F7A /* csharp.png */,
				A1BF6AEC1D37C04600FC6F7A /* jquery.png */,
				A1BF6AED1D37C04600FC6F7A /* json.png */,
				A1BF6AEE1D37C04600FC6F7A /* php.png */,
				A1BF6AEF1D37C04600FC6F7A /* xml.png */,
				A1BF6AEB1D37C04600FC6F7A /* Java.png */,
				A1BF6AE91D37C04600FC6F7A /* cpp.png */,
				A1BF6AD01D3759CB00FC6F7A /* LaunchScreen.xib */,
				A1BF6AC11D3759CB00FC6F7A /* suporting Files */,
				A1BF6AFA1D37D25800FC6F7A /* Model */,
				A158D22B1D38B7FC001FCD15 /* LanguagesInputViewController.h */,
				A158D22C1D38B7FC001FCD15 /* LanguagesInputViewController.m */,
				A16246AC1D3DFF170073CCA3 /* DetailsViewController.h */,
				A16246AD1D3DFF170073CCA3 /* DetailsViewController.m */,
			);
			path = ListView;
			sourceTree = "<group>";
		};
		A1BF6AC11D3759CB00FC6F7A /* suporting Files */ = {
			isa = PBXGroup;
			children = (
				A1BF6AC21D3759CB00FC6F7A /* Info.plist */,
				A1BF6AC31D3759CB00FC6F7A /* main.m */,
			);
			name = "suporting Files";
			sourceTree = "<group>";
		};
		A1BF6ADA1D3759CB00FC6F7A /* ListViewTests */ = {
			isa = PBXGroup;
			children = (
				A1BF6ADD1D3759CB00FC6F7A /* ListViewTests.m */,
				A1BF6ADB1D3759CB00FC6F7A /* Supporting Files */,
			);
			path = ListViewTests;
			sourceTree = "<group>";
		};
		A1BF6ADB1D3759CB00FC6F7A /* Supporting Files */ = {
			isa = PBXGroup;
			children = (
				A1BF6ADC1D3759CB00FC6F7A /* Info.plist */,
			);
			name = "Supporting Files";
			sourceTree = "<group>";
		};
		A1BF6AFA1D37D25800FC6F7A /* Model */ = {
			isa = PBXGroup;
			children = (
				A1BF6AF71D37D17000FC6F7A /* Languages.h */,
				A1BF6AF81D37D17000FC6F7A /* Languages.m */,
			);
			name = Model;
			sourceTree = "<group>";
		};
/* End PBXGroup section */

/* Begin PBXNativeTarget section */
		A1BF6ABD1D3759CB00FC6F7A /* ListView */ = {
			isa = PBXNativeTarget;
			buildConfigurationList = A1BF6AE11D3759CB00FC6F7A /* Build configuration list for PBXNativeTarget "ListView" */;
			buildPhases = (
				A1BF6ABA1D3759CB00FC6F7A /* Sources */,
				A1BF6ABB1D3759CB00FC6F7A /* Frameworks */,
				A1BF6ABC1D3759CB00FC6F7A /* Resources */,
			);
			buildRules = (
			);
			dependencies = (
			);
			name = ListView;
			productName = ListView;
			productReference = A1BF6ABE1D3759CB00FC6F7A /* ListView.app */;
			productType = "com.apple.product-type.application";
		};
		A1BF6AD61D3759CB00FC6F7A /* ListViewTests */ = {
			isa = PBXNativeTarget;
			buildConfigurationList = A1BF6AE41D3759CB00FC6F7A /* Build configuration list for PBXNativeTarget "ListViewTests" */;
			buildPhases = (
				A1BF6AD31D3759CB00FC6F7A /* Sources */,
				A1BF6AD41D3759CB00FC6F7A /* Frameworks */,
				A1BF6AD51D3759CB00FC6F7A /* Resources */,
			);
			buildRules = (
			);
			dependencies = (
				A1BF6AD91D3759CB00FC6F7A /* PBXTargetDependency */,
			);
			name = ListViewTests;
			productName = ListViewTests;
			productReference = A1BF6AD71D3759CB00FC6F7A /* ListViewTests.xctest */;
			productType = "com.apple.product-type.bundle.unit-test";
		};
/* End PBXNativeTarget section */

/* Begin PBXProject section */
		A1BF6AB61D3759CB00FC6F7A /* Project object */ = {
			isa = PBXProject;
			attributes = {
				LastUpgradeCheck = 0610;
				ORGANIZATIONNAME = softikoda;
				TargetAttributes = {
					A1BF6ABD1D3759CB00FC6F7A = {
						CreatedOnToolsVersion = 6.1.1;
					};
					A1BF6AD61D3759CB00FC6F7A = {
						CreatedOnToolsVersion = 6.1.1;
						TestTargetID = A1BF6ABD1D3759CB00FC6F7A;
					};
				};
			};
			buildConfigurationList = A1BF6AB91D3759CB00FC6F7A /* Build configuration list for PBXProject "ListView" */;
			compatibilityVersion = "Xcode 3.2";
			developmentRegion = English;
			hasScannedForEncodings = 0;
			knownRegions = (
				en,
				Base,
			);
			mainGroup = A1BF6AB51D3759CB00FC6F7A;
			productRefGroup = A1BF6ABF1D3759CB00FC6F7A /* Products */;
			projectDirPath = "";
			projectRoot = "";
			targets = (
				A1BF6ABD1D3759CB00FC6F7A /* ListView */,
				A1BF6AD61D3759CB00FC6F7A /* ListViewTests */,
			);
		};
/* End PBXProject section */

/* Begin PBXResourcesBuildPhase section */
		A1BF6ABC1D3759CB00FC6F7A /* Resources */ = {
			isa = PBXResourcesBuildPhase;
			buildActionMask = 2147483647;
			files = (
				A1BF6ACD1D3759CB00FC6F7A /* Main.storyboard in Resources */,
				A1BF6AF01D37C04600FC6F7A /* cpp.png in Resources */,
				A1BF6AD21D3759CB00FC6F7A /* LaunchScreen.xib in Resources */,
				A1BF6AF31D37C04600FC6F7A /* jquery.png in Resources */,
				A1BF6AF21D37C04600FC6F7A /* Java.png in Resources */,
				A1BF6AF61D37C04600FC6F7A /* xml.png in Resources */,
				A1BF6AF41D37C04600FC6F7A /* json.png in Resources */,
				A1BF6AF51D37C04600FC6F7A /* php.png in Resources */,
				A1BF6ACF1D3759CB00FC6F7A /* Images.xcassets in Resources */,
				A1BF6AF11D37C04600FC6F7A /* csharp.png in Resources */,
			);
			runOnlyForDeploymentPostprocessing = 0;
		};
		A1BF6AD51D3759CB00FC6F7A /* Resources */ = {
			isa = PBXResourcesBuildPhase;
			buildActionMask = 2147483647;
			files = (
			);
			runOnlyForDeploymentPostprocessing = 0;
		};
/* End PBXResourcesBuildPhase section */

/* Begin PBXSourcesBuildPhase section */
		A1BF6ABA1D3759CB00FC6F7A /* Sources */ = {
			isa = PBXSourcesBuildPhase;
			buildActionMask = 2147483647;
			files = (
				A1C2E4991D3D09B9004C7688 /* CoreDataFile.xcdatamodeld in Sources */,
				A1BF6ACA1D3759CB00FC6F7A /* ViewController.m in Sources */,
				A1BF6AF91D37D17000FC6F7A /* Languages.m in Sources */,
				A1BF6AC71D3759CB00FC6F7A /* AppDelegate.m in Sources */,
				A16246AE1D3DFF170073CCA3 /* DetailsViewController.m in Sources */,
				A158D22D1D38B7FC001FCD15 /* LanguagesInputViewController.m in Sources */,
				A1BF6AC41D3759CB00FC6F7A /* main.m in Sources */,
			);
			runOnlyForDeploymentPostprocessing = 0;
		};
		A1BF6AD31D3759CB00FC6F7A /* Sources */ = {
			isa = PBXSourcesBuildPhase;
			buildActionMask = 2147483647;
			files = (
				A1BF6ADE1D3759CB00FC6F7A /* ListViewTests.m in Sources */,
			);
			runOnlyForDeploymentPostprocessing = 0;
		};
/* End PBXSourcesBuildPhase section */

/* Begin PBXTargetDependency section */
		A1BF6AD91D3759CB00FC6F7A /* PBXTargetDependency */ = {
			isa = PBXTargetDependency;
			target = A1BF6ABD1D3759CB00FC6F7A /* ListView */;
			targetProxy = A1BF6AD81D3759CB00FC6F7A /* PBXContainerItemProxy */;
		};
/* End PBXTargetDependency section */

/* Begin PBXVariantGroup section */
		A1BF6ACB1D3759CB00FC6F7A /* Main.storyboard */ = {
			isa = PBXVariantGroup;
			children = (
				A1BF6ACC1D3759CB00FC6F7A /* Base */,
			);
			name = Main.storyboard;
			sourceTree = "<group>";
		};
		A1BF6AD01D3759CB00FC6F7A /* LaunchScreen.xib */ = {
			isa = PBXVariantGroup;
			children = (
				A1BF6AD11D3759CB00FC6F7A /* Base */,
			);
			name = LaunchScreen.xib;
			sourceTree = "<group>";
		};
/* End PBXVariantGroup section */

/* Begin XCBuildConfiguration section */
		A1BF6ADF1D3759CB00FC6F7A /* Debug */ = {
			isa = XCBuildConfiguration;
			buildSettings = {
				ALWAYS_SEARCH_USER_PATHS = NO;
				CLANG_CXX_LANGUAGE_STANDARD = "gnu++0x";
				CLANG_CXX_LIBRARY = "libc++";
				CLANG_ENABLE_MODULES = YES;
				CLANG_ENABLE_OBJC_ARC = YES;
				CLANG_WARN_BOOL_CONVERSION = YES;
				CLANG_WARN_CONSTANT_CONVERSION = YES;
				CLANG_WARN_DIRECT_OBJC_ISA_USAGE = YES_ERROR;
				CLANG_WARN_EMPTY_BODY = YES;
				CLANG_WARN_ENUM_CONVERSION = YES;
				CLANG_WARN_INT_CONVERSION = YES;
				CLANG_WARN_OBJC_ROOT_CLASS = YES_ERROR;
				CLANG_WARN_UNREACHABLE_CODE = YES;
				CLANG_WARN__DUPLICATE_METHOD_MATCH = YES;
				"CODE_SIGN_IDENTITY[sdk=iphoneos*]" = "iPhone Developer";
				COPY_PHASE_STRIP = NO;
				ENABLE_STRICT_OBJC_MSGSEND = YES;
				GCC_C_LANGUAGE_STANDARD = gnu99;
				GCC_DYNAMIC_NO_PIC = NO;
				GCC_OPTIMIZATION_LEVEL = 0;
				GCC_PREPROCESSOR_DEFINITIONS = (
					"DEBUG=1",
					"$(inherited)",
				);
				GCC_SYMBOLS_PRIVATE_EXTERN = NO;
				GCC_WARN_64_TO_32_BIT_CONVERSION = YES;
				GCC_WARN_ABOUT_RETURN_TYPE = YES_ERROR;
				GCC_WARN_UNDECLARED_SELECTOR = YES;
				GCC_WARN_UNINITIALIZED_AUTOS = YES_AGGRESSIVE;
				GCC_WARN_UNUSED_FUNCTION = YES;
				GCC_WARN_UNUSED_VARIABLE = YES;
				IPHONEOS_DEPLOYMENT_TARGET = 8.1;
				MTL_ENABLE_DEBUG_INFO = YES;
				ONLY_ACTIVE_ARCH = YES;
				SDKROOT = iphoneos;
			};
			name = Debug;
		};
		A1BF6AE01D3759CB00FC6F7A /* Release */ = {
			isa = XCBuildConfiguration;
			buildSettings = {
				ALWAYS_SEARCH_USER_PATHS = NO;
				CLANG_CXX_LANGUAGE_STANDARD = "gnu++0x";
				CLANG_CXX_LIBRARY = "libc++";
				CLANG_ENABLE_MODULES = YES;
				CLANG_ENABLE_OBJC_ARC = YES;
				CLANG_WARN_BOOL_CONVERSION = YES;
				CLANG_WARN_CONSTANT_CONVERSION = YES;
				CLANG_WARN_DIRECT_OBJC_ISA_USAGE = YES_ERROR;
				CLANG_WARN_EMPTY_BODY = YES;
				CLANG_WARN_ENUM_CONVERSION = YES;
				CLANG_WARN_INT_CONVERSION = YES;
				CLANG_WARN_OBJC_ROOT_CLASS = YES_ERROR;
				CLANG_WARN_UNREACHABLE_CODE = YES;
				CLANG_WARN__DUPLICATE_METHOD_MATCH = YES;
				"CODE_SIGN_IDENTITY[sdk=iphoneos*]" = "iPhone Developer";
				COPY_PHASE_STRIP = YES;
				ENABLE_NS_ASSERTIONS = NO;
				ENABLE_STRICT_OBJC_MSGSEND = YES;
				GCC_C_LANGUAGE_STANDARD = gnu99;
				GCC_WARN_64_TO_32_BIT_CONVERSION = YES;
				GCC_WARN_ABOUT_RETURN_TYPE = YES_ERROR;
				GCC_WARN_UNDECLARED_SELECTOR = YES;
				GCC_WARN_UNINITIALIZED_AUTOS = YES_AGGRESSIVE;
				GCC_WARN_UNUSED_FUNCTION = YES;
				GCC_WARN_UNUSED_VARIABLE = YES;
				IPHONEOS_DEPLOYMENT_TARGET = 8.1;
				MTL_ENABLE_DEBUG_INFO = NO;
				SDKROOT = iphoneos;
				VALIDATE_PRODUCT = YES;
			};
			name = Release;
		};
		A1BF6AE21D3759CB00FC6F7A /* Debug */ = {
			isa = XCBuildConfiguration;
			buildSettings = {
				ASSETCATALOG_COMPILER_APPICON_NAME = AppIcon;
				INFOPLIST_FILE = ListView/Info.plist;
				LD_RUNPATH_SEARCH_PATHS = "$(inherited) @executable_path/Frameworks";
				PRODUCT_NAME = "$(TARGET_NAME)";
			};
			name = Debug;
		};
		A1BF6AE31D3759CB00FC6F7A /* Release */ = {
			isa = XCBuildConfiguration;
			buildSettings = {
				ASSETCATALOG_COMPILER_APPICON_NAME = AppIcon;
				INFOPLIST_FILE = ListView/Info.plist;
				LD_RUNPATH_SEARCH_PATHS = "$(inherited) @executable_path/Frameworks";
				PRODUCT_NAME = "$(TARGET_NAME)";
			};
			name = Release;
		};
		A1BF6AE51D3759CB00FC6F7A /* Debug */ = {
			isa = XCBuildConfiguration;
			buildSettings = {
				BUNDLE_LOADER = "$(TEST_HOST)";
				FRAMEWORK_SEARCH_PATHS = (
					"$(SDKROOT)/Developer/Library/Frameworks",
					"$(inherited)",
				);
				GCC_PREPROCESSOR_DEFINITIONS = (
					"DEBUG=1",
					"$(inherited)",
				);
				INFOPLIST_FILE = ListViewTests/Info.plist;
				LD_RUNPATH_SEARCH_PATHS = "$(inherited) @executable_path/Frameworks @loader_path/Frameworks";
				PRODUCT_NAME = "$(TARGET_NAME)";
				TEST_HOST = "$(BUILT_PRODUCTS_DIR)/ListView.app/ListView";
			};
			name = Debug;
		};
		A1BF6AE61D3759CB00FC6F7A /* Release */ = {
			isa = XCBuildConfiguration;
			buildSettings = {
				BUNDLE_LOADER = "$(TEST_HOST)";
				FRAMEWORK_SEARCH_PATHS = (
					"$(SDKROOT)/Developer/Library/Frameworks",
					"$(inherited)",
				);
				INFOPLIST_FILE = ListViewTests/Info.plist;
				LD_RUNPATH_SEARCH_PATHS = "$(inherited) @executable_path/Frameworks @loader_path/Frameworks";
				PRODUCT_NAME = "$(TARGET_NAME)";
				TEST_HOST = "$(BUILT_PRODUCTS_DIR)/ListView.app/ListView";
			};
			name = Release;
		};
/* End XCBuildConfiguration section */

/* Begin XCConfigurationList section */
		A1BF6AB91D3759CB00FC6F7A /* Build configuration list for PBXProject "ListView" */ = {
			isa = XCConfigurationList;
			buildConfigurations = (
				A1BF6ADF1D3759CB00FC6F7A /* Debug */,
				A1BF6AE01D3759CB00FC6F7A /* Release */,
			);
			defaultConfigurationIsVisible = 0;
			defaultConfigurationName = Release;
		};
		A1BF6AE11D3759CB00FC6F7A /* Build configuration list for PBXNativeTarget "ListView" */ = {
			isa = XCConfigurationList;
			buildConfigurations = (
				A1BF6AE21D3759CB00FC6F7A /* Debug */,
				A1BF6AE31D3759CB00FC6F7A /* Release */,
			);
			defaultConfigurationIsVisible = 0;
			defaultConfigurationName = Release;
		};
		A1BF6AE41D3759CB00FC6F7A /* Build configuration list for PBXNativeTarget "ListViewTests" */ = {
			isa = XCConfigurationList;
			buildConfigurations = (
				A1BF6AE51D3759CB00FC6F7A /* Debug */,
				A1BF6AE61D3759CB00FC6F7A /* Release */,
			);
			defaultConfigurationIsVisible = 0;
			defaultConfigurationName = Release;
		};
/* End XCConfigurationList section */

/* Begin XCVersionGroup section */
		A1C2E4971D3D09B9004C7688 /* CoreDataFile.xcdatamodeld */ = {
			isa = XCVersionGroup;
			children = (
				A1C2E4981D3D09B9004C7688 /* CoreDataFile.xcdatamodel */,
			);
			currentVersion = A1C2E4981D3D09B9004C7688 /* CoreDataFile.xcdatamodel */;
			path = CoreDataFile.xcdatamodeld;
			sourceTree = "<group>";
			versionGroupType = wrapper.xcdatamodel;
		};
/* End XCVersionGroup section */
	};
	rootObject = A1BF6AB61D3759CB00FC6F7A /* Project object */;
}
